github.com/google/go-cmp v0.6.0 h1:ofyhxvXcZhMsU5ulbFiLKl/XBFqE1GSq7atu8tAmTRI=
github.com/google/go-cmp v0.6.0/go.mod h1:17dUlkBOakJ0+DkrSSNjCkIjxS6bF9zb3elmeNGIjoY=
github.com/insignias/codingchallenges/ccwc v0.0.0-20240313043725-614faba7ffd1 h1:3ouBb9yTEd6H/0FQ4Q8Q1+yolBKbeLEINWjDEtEQmVk=
github.com/insignias/codingchallenges/ccwc v0.0.0-20240313043725-614faba7ffd1/go.mod h1:Yc6DNlcTbjKff9vonH68y3K2nxBQhaJfSvENMsnU2i0=
